
Microsoft Visual Studio Solution File, Format Version 12.00
Project("{FAE04EC0-301F-11D3-BF4B-00C04F79EFBC}") = "Banks", "Banks\Banks.csproj", "{67907069-CA0F-41A1-B31A-59DB91490256}"
EndProject
Project("{FAE04EC0-301F-11D3-BF4B-00C04F79EFBC}") = "Banks.Test", "Banks.Test\Banks.Test.csproj", "{249572C2-7E69-4B87-8EC9-B8E480DB2A48}"
EndProject
Global
	GlobalSection(SolutionConfigurationPlatforms) = preSolution
		Debug|Any CPU = Debug|Any CPU
		Release|Any CPU = Release|Any CPU
	EndGlobalSection
	GlobalSection(ProjectConfigurationPlatforms) = postSolution
		{67907069-CA0F-41A1-B31A-59DB91490256}.Debug|Any CPU.ActiveCfg = Debug|Any CPU
		{67907069-CA0F-41A1-B31A-59DB91490256}.Debug|Any CPU.Build.0 = Debug|Any CPU
		{67907069-CA0F-41A1-B31A-59DB91490256}.Release|Any CPU.ActiveCfg = Release|Any CPU
		{67907069-CA0F-41A1-B31A-59DB91490256}.Release|Any CPU.Build.0 = Release|Any CPU
		{249572C2-7E69-4B87-8EC9-B8E480DB2A48}.Debug|Any CPU.ActiveCfg = Debug|Any CPU
		{249572C2-7E69-4B87-8EC9-B8E480DB2A48}.Debug|Any CPU.Build.0 = Debug|Any CPU
		{249572C2-7E69-4B87-8EC9-B8E480DB2A48}.Release|Any CPU.ActiveCfg = Release|Any CPU
		{249572C2-7E69-4B87-8EC9-B8E480DB2A48}.Release|Any CPU.Build.0 = Release|Any CPU
	EndGlobalSection
EndGlobal
